
Microsoft Visual Studio Solution File, Format Version 12.00
# Visual Studio Version 16
VisualStudioVersion = 16.0.29306.81
MinimumVisualStudioVersion = 10.0.40219.1
Project("{FAE04EC0-301F-11D3-BF4B-00C04F79EFBC}") = "LR6OAIP", "LR6OAIP.csproj", "{6280CD19-B5B3-4750-8007-117E47E0EDFD}"
EndProject
Global
	GlobalSection(SolutionConfigurationPlatforms) = preSolution
		Debug|Any CPU = Debug|Any CPU
		Release|Any CPU = Release|Any CPU
	EndGlobalSection
	GlobalSection(ProjectConfigurationPlatforms) = postSolution
		{6280CD19-B5B3-4750-8007-117E47E0EDFD}.Debug|Any CPU.ActiveCfg = Debug|Any CPU
		{6280CD19-B5B3-4750-8007-117E47E0EDFD}.Debug|Any CPU.Build.0 = Debug|Any CPU
		{6280CD19-B5B3-4750-8007-117E47E0EDFD}.Release|Any CPU.ActiveCfg = Release|Any CPU
		{6280CD19-B5B3-4750-8007-117E47E0EDFD}.Release|Any CPU.Build.0 = Release|Any CPU
	EndGlobalSection
	GlobalSection(SolutionProperties) = preSolution
		HideSolutionNode = FALSE
	EndGlobalSection
	GlobalSection(ExtensibilityGlobals) = postSolution
		SolutionGuid = {57988F9B-5325-4033-80BC-4E1E41CFC409}
	EndGlobalSection
EndGlobal
